// !$*UTF8*$!
{
	archiveVersion = 1;
	classes = {
	};
	objectVersion = 46;
	objects = {

/* Begin PBXBuildFile section */
		8A8643181E09264000DFD29A /* AppDelegate.swift in Sources */ = {isa = PBXBuildFile; fileRef = 8A8643171E09264000DFD29A /* AppDelegate.swift */; };
		8A86431A1E09264000DFD29A /* ImageViewController.swift in Sources */ = {isa = PBXBuildFile; fileRef = 8A8643191E09264000DFD29A /* ImageViewController.swift */; };
		8A86431F1E09264000DFD29A /* Assets.xcassets in Resources */ = {isa = PBXBuildFile; fileRef = 8A86431E1E09264000DFD29A /* Assets.xcassets */; };
		8A8643221E09264000DFD29A /* LaunchScreen.storyboard in Resources */ = {isa = PBXBuildFile; fileRef = 8A8643201E09264000DFD29A /* LaunchScreen.storyboard */; };
		8A86432B1E09292100DFD29A /* DemoURLs.swift in Sources */ = {isa = PBXBuildFile; fileRef = 8A86432A1E09292100DFD29A /* DemoURLs.swift */; };
		8A86432D1E0A149C00DFD29A /* CassiniViewController.swift in Sources */ = {isa = PBXBuildFile; fileRef = 8A86432C1E0A149C00DFD29A /* CassiniViewController.swift */; };
		8A86432F1E0A276600DFD29A /* Main.storyboard in Resources */ = {isa = PBXBuildFile; fileRef = 8A86432E1E0A276600DFD29A /* Main.storyboard */; };
/* End PBXBuildFile section */

/* Begin PBXFileReference section */
		8A8643141E09264000DFD29A /* Cassini.app */ = {isa = PBXFileReference; explicitFileType = wrapper.application; includeInIndex = 0; path = Cassini.app; sourceTree = BUILT_PRODUCTS_DIR; };
		8A8643171E09264000DFD29A /* AppDelegate.swift */ = {isa = PBXFileReference; lastKnownFileType = sourcecode.swift; path = AppDelegate.swift; sourceTree = "<group>"; };
		8A8643191E09264000DFD29A /* ImageViewController.swift */ = {isa = PBXFileReference; lastKnownFileType = sourcecode.swift; path = ImageViewController.swift; sourceTree = "<group>"; };
		8A86431E1E09264000DFD29A /* Assets.xcassets */ = {isa = PBXFileReference; lastKnownFileType = folder.assetcatalog; path = Assets.xcassets; sourceTree = "<group>"; };
		8A8643211E09264000DFD29A /* Base */ = {isa = PBXFileReference; lastKnownFileType = file.storyboard; name = Base; path = Base.lproj/LaunchScreen.storyboard; sourceTree = "<group>"; };
		8A8643231E09264000DFD29A /* Info.plist */ = {isa = PBXFileReference; lastKnownFileType = text.plist.xml; path = Info.plist; sourceTree = "<group>"; };
		8A86432A1E09292100DFD29A /* DemoURLs.swift */ = {isa = PBXFileReference; fileEncoding = 4; lastKnownFileType = sourcecode.swift; path = DemoURLs.swift; sourceTree = "<group>"; };
		8A86432C1E0A149C00DFD29A /* CassiniViewController.swift */ = {isa = PBXFileReference; fileEncoding = 4; lastKnownFileType = sourcecode.swift; path = CassiniViewController.swift; sourceTree = "<group>"; };
		8A86432E1E0A276600DFD29A /* Main.storyboard */ = {isa = PBXFileReference; fileEncoding = 4; lastKnownFileType = file.storyboard; path = Main.storyboard; sourceTree = "<group>"; };
/* End PBXFileReference section */

/* Begin PBXFrameworksBuildPhase section */
		8A8643111E09264000DFD29A /* Frameworks */ = {
			isa = PBXFrameworksBuildPhase;
			buildActionMask = 2147483647;
			files = (
			);
			runOnlyForDeploymentPostprocessing = 0;
		};
/* End PBXFrameworksBuildPhase section */

/* Begin PBXGroup section */
		8A86430B1E09264000DFD29A = {
			isa = PBXGroup;
			children = (
				8A8643161E09264000DFD29A /* Cassini */,
				8A8643151E09264000DFD29A /* Products */,
			);
			sourceTree = "<group>";
		};
		8A8643151E09264000DFD29A /* Products */ = {
			isa = PBXGroup;
			children = (
				8A8643141E09264000DFD29A /* Cassini.app */,
			);
			name = Products;
			sourceTree = "<group>";
		};
		8A8643161E09264000DFD29A /* Cassini */ = {
			isa = PBXGroup;
			children = (
				8A86432E1E0A276600DFD29A /* Main.storyboard */,
				8A86432C1E0A149C00DFD29A /* CassiniViewController.swift */,
				8A8643191E09264000DFD29A /* ImageViewController.swift */,
				8A8643231E09264000DFD29A /* Info.plist */,
				8A8643291E09265900DFD29A /* Supporting Files */,
				8A86432A1E09292100DFD29A /* DemoURLs.swift */,
			);
			path = Cassini;
			sourceTree = "<group>";
		};
		8A8643291E09265900DFD29A /* Supporting Files */ = {
			isa = PBXGroup;
			children = (
				8A8643171E09264000DFD29A /* AppDelegate.swift */,
				8A86431E1E09264000DFD29A /* Assets.xcassets */,
				8A8643201E09264000DFD29A /* LaunchScreen.storyboard */,
			);
			name = "Supporting Files";
			sourceTree = "<group>";
		};
/* End PBXGroup section */

/* Begin PBXNativeTarget section */
		8A8643131E09264000DFD29A /* Cassini */ = {
			isa = PBXNativeTarget;
			buildConfigurationList = 8A8643261E09264000DFD29A /* Build configuration list for PBXNativeTarget "Cassini" */;
			buildPhases = (
				8A8643101E09264000DFD29A /* Sources */,
				8A8643111E09264000DFD29A /* Frameworks */,
				8A8643121E09264000DFD29A /* Resources */,
			);
			buildRules = (
			);
			dependencies = (
			);
			name = Cassini;
			productName = Cassini;
			productReference = 8A8643141E09264000DFD29A /* Cassini.app */;
			productType = "com.apple.product-type.application";
		};
/* End PBXNativeTarget section */

/* Begin PBXProject section */
		8A86430C1E09264000DFD29A /* Project object */ = {
			isa = PBXProject;
			attributes = {
				LastSwiftUpdateCheck = 0810;
				LastUpgradeCheck = 0810;
				ORGANIZATIONNAME = Ecsoya;
				TargetAttributes = {
					8A8643131E09264000DFD29A = {
						CreatedOnToolsVersion = 8.1;
						DevelopmentTeam = YHK795S47L;
						ProvisioningStyle = Automatic;
					};
				};
			};
			buildConfigurationList = 8A86430F1E09264000DFD29A /* Build configuration list for PBXProject "Cassini" */;
			compatibilityVersion = "Xcode 3.2";
			developmentRegion = English;
			hasScannedForEncodings = 0;
			knownRegions = (
				en,
				Base,
			);
			mainGroup = 8A86430B1E09264000DFD29A;
			productRefGroup = 8A8643151E09264000DFD29A /* Products */;
			projectDirPath = "";
			projectRoot = "";
			targets = (
				8A8643131E09264000DFD29A /* Cassini */,
			);
		};
/* End PBXProject section */

/* Begin PBXResourcesBuildPhase section */
		8A8643121E09264000DFD29A /* Resources */ = {
			isa = PBXResourcesBuildPhase;
			buildActionMask = 2147483647;
			files = (
				8A86432F1E0A276600DFD29A /* Main.storyboard in Resources */,
				8A8643221E09264000DFD29A /* LaunchScreen.storyboard in Resources */,
				8A86431F1E09264000DFD29A /* Assets.xcassets in Resources */,
			);
			runOnlyForDeploymentPostprocessing = 0;
		};
/* End PBXResourcesBuildPhase section */

/* Begin PBXSourcesBuildPhase section */
		8A8643101E09264000DFD29A /* Sources */ = {
			isa = PBXSourcesBuildPhase;
			buildActionMask = 2147483647;
			files = (
				8A86431A1E09264000DFD29A /* ImageViewController.swift in Sources */,
				8A8643181E09264000DFD29A /* AppDelegate.swift in Sources */,
				8A86432B1E09292100DFD29A /* DemoURLs.swift in Sources */,
				8A86432D1E0A149C00DFD29A /* CassiniViewController.swift in Sources */,
			);
			runOnlyForDeploymentPostprocessing = 0;
		};
/* End PBXSourcesBuildPhase section */

/* Begin PBXVariantGroup section */
		8A8643201E09264000DFD29A /* LaunchScreen.storyboard */ = {
			isa = PBXVariantGroup;
			children = (
				8A8643211E09264000DFD29A /* Base */,
			);
			name = LaunchScreen.storyboard;
			sourceTree = "<group>";
		};
/* End PBXVariantGroup section */

/* Begin XCBuildConfiguration section */
		8A8643241E09264000DFD29A /* Debug */ = {
			isa = XCBuildConfiguration;
			buildSettings = {
				ALWAYS_SEARCH_USER_PATHS = NO;
				CLANG_ANALYZER_NONNULL = YES;
				CLANG_CXX_LANGUAGE_STANDARD = "gnu++0x";
				CLANG_CXX_LIBRARY = "libc++";
				CLANG_ENABLE_MODULES = YES;
				CLANG_ENABLE_OBJC_ARC = YES;
				CLANG_WARN_BOOL_CONVERSION = YES;
				CLANG_WARN_CONSTANT_CONVERSION = YES;
				CLANG_WARN_DIRECT_OBJC_ISA_USAGE = YES_ERROR;
				CLANG_WARN_DOCUMENTATION_COMMENTS = YES;
				CLANG_WARN_EMPTY_BODY = YES;
				CLANG_WARN_ENUM_CONVERSION = YES;
				CLANG_WARN_INFINITE_RECURSION = YES;
				CLANG_WARN_INT_CONVERSION = YES;
				CLANG_WARN_OBJC_ROOT_CLASS = YES_ERROR;
				CLANG_WARN_SUSPICIOUS_MOVES = YES;
				CLANG_WARN_UNREACHABLE_CODE = YES;
				CLANG_WARN__DUPLICATE_METHOD_MATCH = YES;
				"CODE_SIGN_IDENTITY[sdk=iphoneos*]" = "iPhone Developer";
				COPY_PHASE_STRIP = NO;
				DEBUG_INFORMATION_FORMAT = dwarf;
				ENABLE_STRICT_OBJC_MSGSEND = YES;
				ENABLE_TESTABILITY = YES;
				GCC_C_LANGUAGE_STANDARD = gnu99;
				GCC_DYNAMIC_NO_PIC = NO;
				GCC_NO_COMMON_BLOCKS = YES;
				GCC_OPTIMIZATION_LEVEL = 0;
				GCC_PREPROCESSOR_DEFINITIONS = (
					"DEBUG=1",
					"$(inherited)",
				);
				GCC_WARN_64_TO_32_BIT_CONVERSION = YES;
				GCC_WARN_ABOUT_RETURN_TYPE = YES_ERROR;
				GCC_WARN_UNDECLARED_SELECTOR = YES;
				GCC_WARN_UNINITIALIZED_AUTOS = YES_AGGRESSIVE;
				GCC_WARN_UNUSED_FUNCTION = YES;
				GCC_WARN_UNUSED_VARIABLE = YES;
				IPHONEOS_DEPLOYMENT_TARGET = 10.1;
				MTL_ENABLE_DEBUG_INFO = YES;
				ONLY_ACTIVE_ARCH = YES;
				SDKROOT = iphoneos;
				SWIFT_ACTIVE_COMPILATION_CONDITIONS = DEBUG;
				SWIFT_OPTIMIZATION_LEVEL = "-Onone";
				TARGETED_DEVICE_FAMILY = "1,2";
			};
			name = Debug;
		};
		8A8643251E09264000DFD29A /* Release */ = {
			isa = XCBuildConfiguration;
			buildSettings = {
				ALWAYS_SEARCH_USER_PATHS = NO;
				CLANG_ANALYZER_NONNULL = YES;
				CLANG_CXX_LANGUAGE_STANDARD = "gnu++0x";
				CLANG_CXX_LIBRARY = "libc++";
				CLANG_ENABLE_MODULES = YES;
				CLANG_ENABLE_OBJC_ARC = YES;
				CLANG_WARN_BOOL_CONVERSION = YES;
				CLANG_WARN_CONSTANT_CONVERSION = YES;
				CLANG_WARN_DIRECT_OBJC_ISA_USAGE = YES_ERROR;
				CLANG_WARN_DOCUMENTATION_COMMENTS = YES;
				CLANG_WARN_EMPTY_BODY = YES;
				CLANG_WARN_ENUM_CONVERSION = YES;
				CLANG_WARN_INFINITE_RECURSION = YES;
				CLANG_WARN_INT_CONVERSION = YES;
				CLANG_WARN_OBJC_ROOT_CLASS = YES_ERROR;
				CLANG_WARN_SUSPICIOUS_MOVES = YES;
				CLANG_WARN_UNREACHABLE_CODE = YES;
				CLANG_WARN__DUPLICATE_METHOD_MATCH = YES;
				"CODE_SIGN_IDENTITY[sdk=iphoneos*]" = "iPhone Developer";
				COPY_PHASE_STRIP = NO;
				DEBUG_INFORMATION_FORMAT = "dwarf-with-dsym";
				ENABLE_NS_ASSERTIONS = NO;
				ENABLE_STRICT_OBJC_MSGSEND = YES;
				GCC_C_LANGUAGE_STANDARD = gnu99;
				GCC_NO_COMMON_BLOCKS = YES;
				GCC_WARN_64_TO_32_BIT_CONVERSION = YES;
				GCC_WARN_ABOUT_RETURN_TYPE = YES_ERROR;
				GCC_WARN_UNDECLARED_SELECTOR = YES;
				GCC_WARN_UNINITIALIZED_AUTOS = YES_AGGRESSIVE;
				GCC_WARN_UNUSED_FUNCTION = YES;
				GCC_WARN_UNUSED_VARIABLE = YES;
				IPHONEOS_DEPLOYMENT_TARGET = 10.1;
				MTL_ENABLE_DEBUG_INFO = NO;
				SDKROOT = iphoneos;
				SWIFT_OPTIMIZATION_LEVEL = "-Owholemodule";
				TARGETED_DEVICE_FAMILY = "1,2";
				VALIDATE_PRODUCT = YES;
			};
			name = Release;
		};
		8A8643271E09264000DFD29A /* Debug */ = {
			isa = XCBuildConfiguration;
			buildSettings = {
				ASSETCATALOG_COMPILER_APPICON_NAME = AppIcon;
				DEVELOPMENT_TEAM = YHK795S47L;
				INFOPLIST_FILE = Cassini/Info.plist;
				LD_RUNPATH_SEARCH_PATHS = "$(inherited) @executable_path/Frameworks";
				PRODUCT_BUNDLE_IDENTIFIER = org.ecsoya.Cassini;
				PRODUCT_NAME = "$(TARGET_NAME)";
				SWIFT_VERSION = 3.0;
			};
			name = Debug;
		};
		8A8643281E09264000DFD29A /* Release */ = {
			isa = XCBuildConfiguration;
			buildSettings = {
				ASSETCATALOG_COMPILER_APPICON_NAME = AppIcon;
				DEVELOPMENT_TEAM = YHK795S47L;
				INFOPLIST_FILE = Cassini/Info.plist;
				LD_RUNPATH_SEARCH_PATHS = "$(inherited) @executable_path/Frameworks";
				PRODUCT_BUNDLE_IDENTIFIER = org.ecsoya.Cassini;
				PRODUCT_NAME = "$(TARGET_NAME)";
				SWIFT_VERSION = 3.0;
			};
			name = Release;
		};
/* End XCBuildConfiguration section */

/* Begin XCConfigurationList section */
		8A86430F1E09264000DFD29A /* Build configuration list for PBXProject "Cassini" */ = {
			isa = XCConfigurationList;
			buildConfigurations = (
				8A8643241E09264000DFD29A /* Debug */,
				8A8643251E09264000DFD29A /* Release */,
			);
			defaultConfigurationIsVisible = 0;
			defaultConfigurationName = Release;
		};
		8A8643261E09264000DFD29A /* Build configuration list for PBXNativeTarget "Cassini" */ = {
			isa = XCConfigurationList;
			buildConfigurations = (
				8A8643271E09264000DFD29A /* Debug */,
				8A8643281E09264000DFD29A /* Release */,
			);
			defaultConfigurationIsVisible = 0;
		};
/* End XCConfigurationList section */
	};
	rootObject = 8A86430C1E09264000DFD29A /* Project object */;
}
